
Microsoft Visual Studio Solution File, Format Version 12.00
# Visual Studio Version 17
VisualStudioVersion = 17.9.34714.143
MinimumVisualStudioVersion = 10.0.40219.1
Project("{9A19103F-16F7-4668-BE54-9A1E7A4F7556}") = "CyberTech.API", "CyberTech.API\CyberTech.API.csproj", "{F8D107CF-F4E5-4400-8913-9FC2B69D36FA}"
EndProject
Project("{9A19103F-16F7-4668-BE54-9A1E7A4F7556}") = "CyberTech.Core", "CyberTech.Core\CyberTech.Core.csproj", "{E5D9FB0D-9B98-4335-911F-244B1E5FC718}"
EndProject
Project("{9A19103F-16F7-4668-BE54-9A1E7A4F7556}") = "CyberTech.DataAccess", "CyberTech.DataAccess\CyberTech.DataAccess.csproj", "{332C6352-36B1-4628-94E0-0D950CFCE79F}"
EndProject
Project("{9A19103F-16F7-4668-BE54-9A1E7A4F7556}") = "CyberTech.Domain", "CyberTech.Domain\CyberTech.Domain.csproj", "{7CE7780E-66A9-46FD-8168-78673949B8A7}"
EndProject
Project("{9A19103F-16F7-4668-BE54-9A1E7A4F7556}") = "CyberTech.Application", "CyberTech.Application\CyberTech.Application.csproj", "{B1D49FD4-5ADC-4042-BD2E-79BDEF4F1DD9}"
EndProject
Project("{9A19103F-16F7-4668-BE54-9A1E7A4F7556}") = "CyberTech.Storage.Api", "CyberTech.Storage.Api\CyberTech.Storage.Api.csproj", "{8410C134-5406-48F6-B6C1-C394620026CF}"
EndProject
Project("{9A19103F-16F7-4668-BE54-9A1E7A4F7556}") = "CyberTech.Storage.Core", "CyberTech.Storage.Core\CyberTech.Storage.Core.csproj", "{10FB3616-5CAD-4B2C-8805-AF01CD577D0D}"
EndProject
Project("{2150E333-8FDC-42A3-9474-1A3956D46DE8}") = "GateWay", "GateWay", "{0EA0FA2F-C547-4201-A019-083C93B294C8}"
EndProject
Project("{2150E333-8FDC-42A3-9474-1A3956D46DE8}") = "Storage", "Storage", "{89C27BE0-FBF8-499A-9A05-D3294E34B0FB}"
EndProject
Project("{2150E333-8FDC-42A3-9474-1A3956D46DE8}") = "Services", "Services", "{620E0A15-EBCF-4667-A2E0-F8EC42909C27}"
EndProject
Project("{9A19103F-16F7-4668-BE54-9A1E7A4F7556}") = "CyberTech.Gateway", "CyberTech.Gateway\CyberTech.Gateway.csproj", "{AE393EC7-A0F3-4434-826F-88967100995D}"
EndProject
Project("{9A19103F-16F7-4668-BE54-9A1E7A4F7556}") = "CyberTech.AuthApi", "CyberTech.AuthApi\CyberTech.AuthApi.csproj", "{40B1A0AF-CFDA-44EB-AC56-7365C2D0481E}"
EndProject
Project("{9A19103F-16F7-4668-BE54-9A1E7A4F7556}") = "CyberTech.MessagesContracts", "CyberTech.MessagesContracts\CyberTech.MessagesContracts.csproj", "{52D715E6-B9B0-4524-A42F-3DFBA9267AF4}"
EndProject
Project("{9A19103F-16F7-4668-BE54-9A1E7A4F7556}") = "Cybertech.MatchApi", "Cybertech.MatchApi\Cybertech.MatchApi.csproj", "{FAC13955-740C-4E38-B6D7-331EC92913F1}"
EndProject
Project("{2150E333-8FDC-42A3-9474-1A3956D46DE8}") = "Tests", "Tests", "{29E6BFB5-B1AD-417C-8FBC-442C9DEBE7D9}"
EndProject
Project("{9A19103F-16F7-4668-BE54-9A1E7A4F7556}") = "CyberTech.API.UnitTests", "CyberTech.API.UnitTests\CyberTech.API.UnitTests.csproj", "{B19C4AFB-4CAC-499A-9027-7DA83B3A871E}"
EndProject
Global
	GlobalSection(SolutionConfigurationPlatforms) = preSolution
		Debug|Any CPU = Debug|Any CPU
		Release|Any CPU = Release|Any CPU
	EndGlobalSection
	GlobalSection(ProjectConfigurationPlatforms) = postSolution
		{F8D107CF-F4E5-4400-8913-9FC2B69D36FA}.Debug|Any CPU.ActiveCfg = Debug|Any CPU
		{F8D107CF-F4E5-4400-8913-9FC2B69D36FA}.Debug|Any CPU.Build.0 = Debug|Any CPU
		{F8D107CF-F4E5-4400-8913-9FC2B69D36FA}.Release|Any CPU.ActiveCfg = Release|Any CPU
		{F8D107CF-F4E5-4400-8913-9FC2B69D36FA}.Release|Any CPU.Build.0 = Release|Any CPU
		{E5D9FB0D-9B98-4335-911F-244B1E5FC718}.Debug|Any CPU.ActiveCfg = Debug|Any CPU
		{E5D9FB0D-9B98-4335-911F-244B1E5FC718}.Debug|Any CPU.Build.0 = Debug|Any CPU
		{E5D9FB0D-9B98-4335-911F-244B1E5FC718}.Release|Any CPU.ActiveCfg = Release|Any CPU
		{E5D9FB0D-9B98-4335-911F-244B1E5FC718}.Release|Any CPU.Build.0 = Release|Any CPU
		{332C6352-36B1-4628-94E0-0D950CFCE79F}.Debug|Any CPU.ActiveCfg = Debug|Any CPU
		{332C6352-36B1-4628-94E0-0D950CFCE79F}.Debug|Any CPU.Build.0 = Debug|Any CPU
		{332C6352-36B1-4628-94E0-0D950CFCE79F}.Release|Any CPU.ActiveCfg = Release|Any CPU
		{332C6352-36B1-4628-94E0-0D950CFCE79F}.Release|Any CPU.Build.0 = Release|Any CPU
		{7CE7780E-66A9-46FD-8168-78673949B8A7}.Debug|Any CPU.ActiveCfg = Debug|Any CPU
		{7CE7780E-66A9-46FD-8168-78673949B8A7}.Debug|Any CPU.Build.0 = Debug|Any CPU
		{7CE7780E-66A9-46FD-8168-78673949B8A7}.Release|Any CPU.ActiveCfg = Release|Any CPU
		{7CE7780E-66A9-46FD-8168-78673949B8A7}.Release|Any CPU.Build.0 = Release|Any CPU
		{B1D49FD4-5ADC-4042-BD2E-79BDEF4F1DD9}.Debug|Any CPU.ActiveCfg = Debug|Any CPU
		{B1D49FD4-5ADC-4042-BD2E-79BDEF4F1DD9}.Debug|Any CPU.Build.0 = Debug|Any CPU
		{B1D49FD4-5ADC-4042-BD2E-79BDEF4F1DD9}.Release|Any CPU.ActiveCfg = Release|Any CPU
		{B1D49FD4-5ADC-4042-BD2E-79BDEF4F1DD9}.Release|Any CPU.Build.0 = Release|Any CPU
		{8410C134-5406-48F6-B6C1-C394620026CF}.Debug|Any CPU.ActiveCfg = Debug|Any CPU
		{8410C134-5406-48F6-B6C1-C394620026CF}.Debug|Any CPU.Build.0 = Debug|Any CPU
		{8410C134-5406-48F6-B6C1-C394620026CF}.Release|Any CPU.ActiveCfg = Release|Any CPU
		{8410C134-5406-48F6-B6C1-C394620026CF}.Release|Any CPU.Build.0 = Release|Any CPU
		{10FB3616-5CAD-4B2C-8805-AF01CD577D0D}.Debug|Any CPU.ActiveCfg = Debug|Any CPU
		{10FB3616-5CAD-4B2C-8805-AF01CD577D0D}.Debug|Any CPU.Build.0 = Debug|Any CPU
		{10FB3616-5CAD-4B2C-8805-AF01CD577D0D}.Release|Any CPU.ActiveCfg = Release|Any CPU
		{10FB3616-5CAD-4B2C-8805-AF01CD577D0D}.Release|Any CPU.Build.0 = Release|Any CPU
		{AE393EC7-A0F3-4434-826F-88967100995D}.Debug|Any CPU.ActiveCfg = Debug|Any CPU
		{AE393EC7-A0F3-4434-826F-88967100995D}.Debug|Any CPU.Build.0 = Debug|Any CPU
		{AE393EC7-A0F3-4434-826F-88967100995D}.Release|Any CPU.ActiveCfg = Release|Any CPU
		{AE393EC7-A0F3-4434-826F-88967100995D}.Release|Any CPU.Build.0 = Release|Any CPU
		{40B1A0AF-CFDA-44EB-AC56-7365C2D0481E}.Debug|Any CPU.ActiveCfg = Debug|Any CPU
		{40B1A0AF-CFDA-44EB-AC56-7365C2D0481E}.Debug|Any CPU.Build.0 = Debug|Any CPU
		{40B1A0AF-CFDA-44EB-AC56-7365C2D0481E}.Release|Any CPU.ActiveCfg = Release|Any CPU
		{40B1A0AF-CFDA-44EB-AC56-7365C2D0481E}.Release|Any CPU.Build.0 = Release|Any CPU
		{52D715E6-B9B0-4524-A42F-3DFBA9267AF4}.Debug|Any CPU.ActiveCfg = Debug|Any CPU
		{52D715E6-B9B0-4524-A42F-3DFBA9267AF4}.Debug|Any CPU.Build.0 = Debug|Any CPU
		{52D715E6-B9B0-4524-A42F-3DFBA9267AF4}.Release|Any CPU.ActiveCfg = Release|Any CPU
		{52D715E6-B9B0-4524-A42F-3DFBA9267AF4}.Release|Any CPU.Build.0 = Release|Any CPU
		{FAC13955-740C-4E38-B6D7-331EC92913F1}.Debug|Any CPU.ActiveCfg = Debug|Any CPU
		{FAC13955-740C-4E38-B6D7-331EC92913F1}.Debug|Any CPU.Build.0 = Debug|Any CPU
		{FAC13955-740C-4E38-B6D7-331EC92913F1}.Release|Any CPU.ActiveCfg = Release|Any CPU
		{FAC13955-740C-4E38-B6D7-331EC92913F1}.Release|Any CPU.Build.0 = Release|Any CPU
		{B19C4AFB-4CAC-499A-9027-7DA83B3A871E}.Debug|Any CPU.ActiveCfg = Debug|Any CPU
		{B19C4AFB-4CAC-499A-9027-7DA83B3A871E}.Debug|Any CPU.Build.0 = Debug|Any CPU
		{B19C4AFB-4CAC-499A-9027-7DA83B3A871E}.Release|Any CPU.ActiveCfg = Release|Any CPU
		{B19C4AFB-4CAC-499A-9027-7DA83B3A871E}.Release|Any CPU.Build.0 = Release|Any CPU
	EndGlobalSection
	GlobalSection(SolutionProperties) = preSolution
		HideSolutionNode = FALSE
	EndGlobalSection
	GlobalSection(NestedProjects) = preSolution
		{F8D107CF-F4E5-4400-8913-9FC2B69D36FA} = {620E0A15-EBCF-4667-A2E0-F8EC42909C27}
		{E5D9FB0D-9B98-4335-911F-244B1E5FC718} = {620E0A15-EBCF-4667-A2E0-F8EC42909C27}
		{332C6352-36B1-4628-94E0-0D950CFCE79F} = {620E0A15-EBCF-4667-A2E0-F8EC42909C27}
		{7CE7780E-66A9-46FD-8168-78673949B8A7} = {620E0A15-EBCF-4667-A2E0-F8EC42909C27}
		{B1D49FD4-5ADC-4042-BD2E-79BDEF4F1DD9} = {620E0A15-EBCF-4667-A2E0-F8EC42909C27}
		{8410C134-5406-48F6-B6C1-C394620026CF} = {89C27BE0-FBF8-499A-9A05-D3294E34B0FB}
		{10FB3616-5CAD-4B2C-8805-AF01CD577D0D} = {89C27BE0-FBF8-499A-9A05-D3294E34B0FB}
		{AE393EC7-A0F3-4434-826F-88967100995D} = {0EA0FA2F-C547-4201-A019-083C93B294C8}
		{40B1A0AF-CFDA-44EB-AC56-7365C2D0481E} = {620E0A15-EBCF-4667-A2E0-F8EC42909C27}
		{52D715E6-B9B0-4524-A42F-3DFBA9267AF4} = {620E0A15-EBCF-4667-A2E0-F8EC42909C27}
		{FAC13955-740C-4E38-B6D7-331EC92913F1} = {620E0A15-EBCF-4667-A2E0-F8EC42909C27}
		{B19C4AFB-4CAC-499A-9027-7DA83B3A871E} = {29E6BFB5-B1AD-417C-8FBC-442C9DEBE7D9}
	EndGlobalSection
	GlobalSection(ExtensibilityGlobals) = postSolution
		SolutionGuid = {F334B834-AE7E-463B-957D-62D5D939F242}
	EndGlobalSection
EndGlobal
