
Microsoft Visual Studio Solution File, Format Version 12.00
# Visual Studio Version 17
VisualStudioVersion = 17.9.34622.214
MinimumVisualStudioVersion = 10.0.40219.1
Project("{9A19103F-16F7-4668-BE54-9A1E7A4F7556}") = "CyberTech.Api", "CyberTech.Api\CyberTech.Api.csproj", "{0244EA7D-2BF6-4DAA-AE88-CEC2D97844B2}"
EndProject
Project("{9A19103F-16F7-4668-BE54-9A1E7A4F7556}") = "CyberTech.Core", "CyberTech.Core\CyberTech.Core.csproj", "{80F1A08F-2706-48AD-8B4A-F626491620DD}"
EndProject
Project("{9A19103F-16F7-4668-BE54-9A1E7A4F7556}") = "CyberTech.DataAccess", "CyberTech.Access\CyberTech.DataAccess.csproj", "{0CE812BE-B11C-4C7E-B10B-9242132EFCEF}"
EndProject
Global
	GlobalSection(SolutionConfigurationPlatforms) = preSolution
		Debug|Any CPU = Debug|Any CPU
		Release|Any CPU = Release|Any CPU
	EndGlobalSection
	GlobalSection(ProjectConfigurationPlatforms) = postSolution
		{0244EA7D-2BF6-4DAA-AE88-CEC2D97844B2}.Debug|Any CPU.ActiveCfg = Debug|Any CPU
		{0244EA7D-2BF6-4DAA-AE88-CEC2D97844B2}.Debug|Any CPU.Build.0 = Debug|Any CPU
		{0244EA7D-2BF6-4DAA-AE88-CEC2D97844B2}.Release|Any CPU.ActiveCfg = Release|Any CPU
		{0244EA7D-2BF6-4DAA-AE88-CEC2D97844B2}.Release|Any CPU.Build.0 = Release|Any CPU
		{80F1A08F-2706-48AD-8B4A-F626491620DD}.Debug|Any CPU.ActiveCfg = Debug|Any CPU
		{80F1A08F-2706-48AD-8B4A-F626491620DD}.Debug|Any CPU.Build.0 = Debug|Any CPU
		{80F1A08F-2706-48AD-8B4A-F626491620DD}.Release|Any CPU.ActiveCfg = Release|Any CPU
		{80F1A08F-2706-48AD-8B4A-F626491620DD}.Release|Any CPU.Build.0 = Release|Any CPU
		{0CE812BE-B11C-4C7E-B10B-9242132EFCEF}.Debug|Any CPU.ActiveCfg = Debug|Any CPU
		{0CE812BE-B11C-4C7E-B10B-9242132EFCEF}.Debug|Any CPU.Build.0 = Debug|Any CPU
		{0CE812BE-B11C-4C7E-B10B-9242132EFCEF}.Release|Any CPU.ActiveCfg = Release|Any CPU
		{0CE812BE-B11C-4C7E-B10B-9242132EFCEF}.Release|Any CPU.Build.0 = Release|Any CPU
	EndGlobalSection
	GlobalSection(SolutionProperties) = preSolution
		HideSolutionNode = FALSE
	EndGlobalSection
	GlobalSection(ExtensibilityGlobals) = postSolution
		SolutionGuid = {E41336CA-3E15-45C7-90CD-59304698C252}
	EndGlobalSection
EndGlobal
